// !$*UTF8*$!
{
	archiveVersion = 1;
	classes = {
	};
	objectVersion = 46;
	objects = {

/* Begin PBXBuildFile section */
		277661E820CA41E000A8A459 /* AppDelegate.m in Sources */ = {isa = PBXBuildFile; fileRef = 277661E720CA41E000A8A459 /* AppDelegate.m */; };
		277661EB20CA41E000A8A459 /* main.m in Sources */ = {isa = PBXBuildFile; fileRef = 277661EA20CA41E000A8A459 /* main.m */; };
		277661ED20CA41E000A8A459 /* Assets.xcassets in Resources */ = {isa = PBXBuildFile; fileRef = 277661EC20CA41E000A8A459 /* Assets.xcassets */; };
		277661F020CA41E000A8A459 /* MainMenu.xib in Resources */ = {isa = PBXBuildFile; fileRef = 277661EE20CA41E000A8A459 /* MainMenu.xib */; };
		277661F920CA441500A8A459 /* CropLabel.m in Sources */ = {isa = PBXBuildFile; fileRef = 277661F820CA441500A8A459 /* CropLabel.m */; };
/* End PBXBuildFile section */

/* Begin PBXFileReference section */
		277661E320CA41E000A8A459 /* testCrop.app */ = {isa = PBXFileReference; explicitFileType = wrapper.application; includeInIndex = 0; path = testCrop.app; sourceTree = BUILT_PRODUCTS_DIR; };
		277661E620CA41E000A8A459 /* AppDelegate.h */ = {isa = PBXFileReference; lastKnownFileType = sourcecode.c.h; path = AppDelegate.h; sourceTree = "<group>"; };
		277661E720CA41E000A8A459 /* AppDelegate.m */ = {isa = PBXFileReference; lastKnownFileType = sourcecode.c.objc; path = AppDelegate.m; sourceTree = "<group>"; };
		277661EA20CA41E000A8A459 /* main.m */ = {isa = PBXFileReference; lastKnownFileType = sourcecode.c.objc; path = main.m; sourceTree = "<group>"; };
		277661EC20CA41E000A8A459 /* Assets.xcassets */ = {isa = PBXFileReference; lastKnownFileType = folder.assetcatalog; path = Assets.xcassets; sourceTree = "<group>"; };
		277661EF20CA41E000A8A459 /* Base */ = {isa = PBXFileReference; lastKnownFileType = file.xib; name = Base; path = Base.lproj/MainMenu.xib; sourceTree = "<group>"; };
		277661F120CA41E000A8A459 /* Info.plist */ = {isa = PBXFileReference; lastKnownFileType = text.plist.xml; path = Info.plist; sourceTree = "<group>"; };
		277661F720CA441500A8A459 /* CropLabel.h */ = {isa = PBXFileReference; fileEncoding = 4; lastKnownFileType = sourcecode.c.h; path = CropLabel.h; sourceTree = "<group>"; };
		277661F820CA441500A8A459 /* CropLabel.m */ = {isa = PBXFileReference; fileEncoding = 4; lastKnownFileType = sourcecode.c.objc; path = CropLabel.m; sourceTree = "<group>"; };
/* End PBXFileReference section */

/* Begin PBXFrameworksBuildPhase section */
		277661E020CA41E000A8A459 /* Frameworks */ = {
			isa = PBXFrameworksBuildPhase;
			buildActionMask = 2147483647;
			files = (
			);
			runOnlyForDeploymentPostprocessing = 0;
		};
/* End PBXFrameworksBuildPhase section */

/* Begin PBXGroup section */
		277661DA20CA41E000A8A459 = {
			isa = PBXGroup;
			children = (
				277661E520CA41E000A8A459 /* testCrop */,
				277661E420CA41E000A8A459 /* Products */,
			);
			sourceTree = "<group>";
		};
		277661E420CA41E000A8A459 /* Products */ = {
			isa = PBXGroup;
			children = (
				277661E320CA41E000A8A459 /* testCrop.app */,
			);
			name = Products;
			sourceTree = "<group>";
		};
		277661E520CA41E000A8A459 /* testCrop */ = {
			isa = PBXGroup;
			children = (
				277661E620CA41E000A8A459 /* AppDelegate.h */,
				277661E720CA41E000A8A459 /* AppDelegate.m */,
				277661EC20CA41E000A8A459 /* Assets.xcassets */,
				277661EE20CA41E000A8A459 /* MainMenu.xib */,
				277661F120CA41E000A8A459 /* Info.plist */,
				277661E920CA41E000A8A459 /* Supporting Files */,
				277661F720CA441500A8A459 /* CropLabel.h */,
				277661F820CA441500A8A459 /* CropLabel.m */,
			);
			path = testCrop;
			sourceTree = "<group>";
		};
		277661E920CA41E000A8A459 /* Supporting Files */ = {
			isa = PBXGroup;
			children = (
				277661EA20CA41E000A8A459 /* main.m */,
			);
			name = "Supporting Files";
			sourceTree = "<group>";
		};
/* End PBXGroup section */

/* Begin PBXNativeTarget section */
		277661E220CA41E000A8A459 /* testCrop */ = {
			isa = PBXNativeTarget;
			buildConfigurationList = 277661F420CA41E000A8A459 /* Build configuration list for PBXNativeTarget "testCrop" */;
			buildPhases = (
				277661DF20CA41E000A8A459 /* Sources */,
				277661E020CA41E000A8A459 /* Frameworks */,
				277661E120CA41E000A8A459 /* Resources */,
			);
			buildRules = (
			);
			dependencies = (
			);
			name = testCrop;
			productName = testCrop;
			productReference = 277661E320CA41E000A8A459 /* testCrop.app */;
			productType = "com.apple.product-type.application";
		};
/* End PBXNativeTarget section */

/* Begin PBXProject section */
		277661DB20CA41E000A8A459 /* Project object */ = {
			isa = PBXProject;
			attributes = {
				LastUpgradeCheck = 0820;
				ORGANIZATIONNAME = "沈宁";
				TargetAttributes = {
					277661E220CA41E000A8A459 = {
						CreatedOnToolsVersion = 8.2.1;
						ProvisioningStyle = Automatic;
					};
				};
			};
			buildConfigurationList = 277661DE20CA41E000A8A459 /* Build configuration list for PBXProject "testCrop" */;
			compatibilityVersion = "Xcode 3.2";
			developmentRegion = English;
			hasScannedForEncodings = 0;
			knownRegions = (
				en,
				Base,
			);
			mainGroup = 277661DA20CA41E000A8A459;
			productRefGroup = 277661E420CA41E000A8A459 /* Products */;
			projectDirPath = "";
			projectRoot = "";
			targets = (
				277661E220CA41E000A8A459 /* testCrop */,
			);
		};
/* End PBXProject section */

/* Begin PBXResourcesBuildPhase section */
		277661E120CA41E000A8A459 /* Resources */ = {
			isa = PBXResourcesBuildPhase;
			buildActionMask = 2147483647;
			files = (
				277661ED20CA41E000A8A459 /* Assets.xcassets in Resources */,
				277661F020CA41E000A8A459 /* MainMenu.xib in Resources */,
			);
			runOnlyForDeploymentPostprocessing = 0;
		};
/* End PBXResourcesBuildPhase section */

/* Begin PBXSourcesBuildPhase section */
		277661DF20CA41E000A8A459 /* Sources */ = {
			isa = PBXSourcesBuildPhase;
			buildActionMask = 2147483647;
			files = (
				277661F920CA441500A8A459 /* CropLabel.m in Sources */,
				277661EB20CA41E000A8A459 /* main.m in Sources */,
				277661E820CA41E000A8A459 /* AppDelegate.m in Sources */,
			);
			runOnlyForDeploymentPostprocessing = 0;
		};
/* End PBXSourcesBuildPhase section */

/* Begin PBXVariantGroup section */
		277661EE20CA41E000A8A459 /* MainMenu.xib */ = {
			isa = PBXVariantGroup;
			children = (
				277661EF20CA41E000A8A459 /* Base */,
			);
			name = MainMenu.xib;
			sourceTree = "<group>";
		};
/* End PBXVariantGroup section */

/* Begin XCBuildConfiguration section */
		277661F220CA41E000A8A459 /* Debug */ = {
			isa = XCBuildConfiguration;
			buildSettings = {
				ALWAYS_SEARCH_USER_PATHS = NO;
				CLANG_ANALYZER_NONNULL = YES;
				CLANG_CXX_LANGUAGE_STANDARD = "gnu++0x";
				CLANG_CXX_LIBRARY = "libc++";
				CLANG_ENABLE_MODULES = YES;
				CLANG_ENABLE_OBJC_ARC = YES;
				CLANG_WARN_BOOL_CONVERSION = YES;
				CLANG_WARN_CONSTANT_CONVERSION = YES;
				CLANG_WARN_DIRECT_OBJC_ISA_USAGE = YES_ERROR;
				CLANG_WARN_DOCUMENTATION_COMMENTS = YES;
				CLANG_WARN_EMPTY_BODY = YES;
				CLANG_WARN_ENUM_CONVERSION = YES;
				CLANG_WARN_INFINITE_RECURSION = YES;
				CLANG_WARN_INT_CONVERSION = YES;
				CLANG_WARN_OBJC_ROOT_CLASS = YES_ERROR;
				CLANG_WARN_SUSPICIOUS_MOVE = YES;
				CLANG_WARN_UNREACHABLE_CODE = YES;
				CLANG_WARN__DUPLICATE_METHOD_MATCH = YES;
				CODE_SIGN_IDENTITY = "-";
				COPY_PHASE_STRIP = NO;
				DEBUG_INFORMATION_FORMAT = dwarf;
				ENABLE_STRICT_OBJC_MSGSEND = YES;
				ENABLE_TESTABILITY = YES;
				GCC_C_LANGUAGE_STANDARD = gnu99;
				GCC_DYNAMIC_NO_PIC = NO;
				GCC_NO_COMMON_BLOCKS = YES;
				GCC_OPTIMIZATION_LEVEL = 0;
				GCC_PREPROCESSOR_DEFINITIONS = (
					"DEBUG=1",
					"$(inherited)",
				);
				GCC_WARN_64_TO_32_BIT_CONVERSION = YES;
				GCC_WARN_ABOUT_RETURN_TYPE = YES_ERROR;
				GCC_WARN_UNDECLARED_SELECTOR = YES;
				GCC_WARN_UNINITIALIZED_AUTOS = YES_AGGRESSIVE;
				GCC_WARN_UNUSED_FUNCTION = YES;
				GCC_WARN_UNUSED_VARIABLE = YES;
				MACOSX_DEPLOYMENT_TARGET = 10.11;
				MTL_ENABLE_DEBUG_INFO = YES;
				ONLY_ACTIVE_ARCH = YES;
				SDKROOT = macosx;
			};
			name = Debug;
		};
		277661F320CA41E000A8A459 /* Release */ = {
			isa = XCBuildConfiguration;
			buildSettings = {
				ALWAYS_SEARCH_USER_PATHS = NO;
				CLANG_ANALYZER_NONNULL = YES;
				CLANG_CXX_LANGUAGE_STANDARD = "gnu++0x";
				CLANG_CXX_LIBRARY = "libc++";
				CLANG_ENABLE_MODULES = YES;
				CLANG_ENABLE_OBJC_ARC = YES;
				CLANG_WARN_BOOL_CONVERSION = YES;
				CLANG_WARN_CONSTANT_CONVERSION = YES;
				CLANG_WARN_DIRECT_OBJC_ISA_USAGE = YES_ERROR;
				CLANG_WARN_DOCUMENTATION_COMMENTS = YES;
				CLANG_WARN_EMPTY_BODY = YES;
				CLANG_WARN_ENUM_CONVERSION = YES;
				CLANG_WARN_INFINITE_RECURSION = YES;
				CLANG_WARN_INT_CONVERSION = YES;
				CLANG_WARN_OBJC_ROOT_CLASS = YES_ERROR;
				CLANG_WARN_SUSPICIOUS_MOVE = YES;
				CLANG_WARN_UNREACHABLE_CODE = YES;
				CLANG_WARN__DUPLICATE_METHOD_MATCH = YES;
				CODE_SIGN_IDENTITY = "-";
				COPY_PHASE_STRIP = NO;
				DEBUG_INFORMATION_FORMAT = "dwarf-with-dsym";
				ENABLE_NS_ASSERTIONS = NO;
				ENABLE_STRICT_OBJC_MSGSEND = YES;
				GCC_C_LANGUAGE_STANDARD = gnu99;
				GCC_NO_COMMON_BLOCKS = YES;
				GCC_WARN_64_TO_32_BIT_CONVERSION = YES;
				GCC_WARN_ABOUT_RETURN_TYPE = YES_ERROR;
				GCC_WARN_UNDECLARED_SELECTOR = YES;
				GCC_WARN_UNINITIALIZED_AUTOS = YES_AGGRESSIVE;
				GCC_WARN_UNUSED_FUNCTION = YES;
				GCC_WARN_UNUSED_VARIABLE = YES;
				MACOSX_DEPLOYMENT_TARGET = 10.11;
				MTL_ENABLE_DEBUG_INFO = NO;
				SDKROOT = macosx;
			};
			name = Release;
		};
		277661F520CA41E000A8A459 /* Debug */ = {
			isa = XCBuildConfiguration;
			buildSettings = {
				ASSETCATALOG_COMPILER_APPICON_NAME = AppIcon;
				COMBINE_HIDPI_IMAGES = YES;
				INFOPLIST_FILE = testCrop/Info.plist;
				LD_RUNPATH_SEARCH_PATHS = "$(inherited) @executable_path/../Frameworks";
				PRODUCT_BUNDLE_IDENTIFIER = snbenjamin.testCrop;
				PRODUCT_NAME = "$(TARGET_NAME)";
			};
			name = Debug;
		};
		277661F620CA41E000A8A459 /* Release */ = {
			isa = XCBuildConfiguration;
			buildSettings = {
				ASSETCATALOG_COMPILER_APPICON_NAME = AppIcon;
				COMBINE_HIDPI_IMAGES = YES;
				INFOPLIST_FILE = testCrop/Info.plist;
				LD_RUNPATH_SEARCH_PATHS = "$(inherited) @executable_path/../Frameworks";
				PRODUCT_BUNDLE_IDENTIFIER = snbenjamin.testCrop;
				PRODUCT_NAME = "$(TARGET_NAME)";
			};
			name = Release;
		};
/* End XCBuildConfiguration section */

/* Begin XCConfigurationList section */
		277661DE20CA41E000A8A459 /* Build configuration list for PBXProject "testCrop" */ = {
			isa = XCConfigurationList;
			buildConfigurations = (
				277661F220CA41E000A8A459 /* Debug */,
				277661F320CA41E000A8A459 /* Release */,
			);
			defaultConfigurationIsVisible = 0;
			defaultConfigurationName = Release;
		};
		277661F420CA41E000A8A459 /* Build configuration list for PBXNativeTarget "testCrop" */ = {
			isa = XCConfigurationList;
			buildConfigurations = (
				277661F520CA41E000A8A459 /* Debug */,
				277661F620CA41E000A8A459 /* Release */,
			);
			defaultConfigurationIsVisible = 0;
		};
/* End XCConfigurationList section */
	};
	rootObject = 277661DB20CA41E000A8A459 /* Project object */;
}
